
Microsoft Visual Studio Solution File, Format Version 12.00
# Visual Studio 15
VisualStudioVersion = 15.0.28307.902
MinimumVisualStudioVersion = 10.0.40219.1
Project("{FAE04EC0-301F-11D3-BF4B-00C04F79EFBC}") = "Archmage", "Archmage\Archmage.csproj", "{7A20AD8D-9CB0-436B-8DD8-EFACEB9ABFEE}"
EndProject
Global
	GlobalSection(SolutionConfigurationPlatforms) = preSolution
		Debug|Any CPU = Debug|Any CPU
		Release|Any CPU = Release|Any CPU
	EndGlobalSection
	GlobalSection(ProjectConfigurationPlatforms) = postSolution
		{7A20AD8D-9CB0-436B-8DD8-EFACEB9ABFEE}.Debug|Any CPU.ActiveCfg = Debug|Any CPU
		{7A20AD8D-9CB0-436B-8DD8-EFACEB9ABFEE}.Debug|Any CPU.Build.0 = Debug|Any CPU
		{7A20AD8D-9CB0-436B-8DD8-EFACEB9ABFEE}.Debug|Any CPU.Deploy.0 = Debug|Any CPU
		{7A20AD8D-9CB0-436B-8DD8-EFACEB9ABFEE}.Release|Any CPU.ActiveCfg = Release|Any CPU
		{7A20AD8D-9CB0-436B-8DD8-EFACEB9ABFEE}.Release|Any CPU.Build.0 = Release|Any CPU
		{7A20AD8D-9CB0-436B-8DD8-EFACEB9ABFEE}.Release|Any CPU.Deploy.0 = Release|Any CPU
	EndGlobalSection
	GlobalSection(SolutionProperties) = preSolution
		HideSolutionNode = FALSE
	EndGlobalSection
	GlobalSection(ExtensibilityGlobals) = postSolution
		SolutionGuid = {50C02A63-2A8D-4C2B-8959-7A2F72B2FB6B}
	EndGlobalSection
EndGlobal
